
Microsoft Visual Studio Solution File, Format Version 12.00
# Visual Studio Version 17
VisualStudioVersion = 17.4.33205.214
MinimumVisualStudioVersion = 10.0.40219.1
Project("{9A19103F-16F7-4668-BE54-9A1E7A4F7556}") = "ConsoleAppBasicCalculator", "ConsoleAppSummator\ConsoleAppBasicCalculator.csproj", "{07B19146-E504-4E23-87A3-0E3D59916DE8}"
EndProject
Project("{9A19103F-16F7-4668-BE54-9A1E7A4F7556}") = "SummatorNunitTests", "TestSummator\TestSummator\SummatorNunitTests.csproj", "{CA88A99E-F4DB-4539-A21E-47FDAEB7C93E}"
EndProject
Project("{2150E333-8FDC-42A3-9474-1A3956D46DE8}") = "BasicCalculator", "BasicCalculator", "{078D6875-E208-47E8-AF8D-1356AFC33139}"
EndProject
Project("{2150E333-8FDC-42A3-9474-1A3956D46DE8}") = "Collection", "Collection", "{5032636A-56C6-4421-AA5A-12657D3C0EA5}"
EndProject
Project("{9A19103F-16F7-4668-BE54-9A1E7A4F7556}") = "Collection.UnitTests", "..\NUnitTest_Collection_Sample\Collection.UnitTests\Collection.UnitTests.csproj", "{5BFFD794-1AB7-4E7F-8F9B-88E1EA8D998A}"
EndProject
Project("{9A19103F-16F7-4668-BE54-9A1E7A4F7556}") = "Collection", "..\NUnitTest_Collection_Sample\Collection\Collection.csproj", "{AD0F0180-FFC7-4DEB-A378-816141DE86A4}"
EndProject
Global
	GlobalSection(SolutionConfigurationPlatforms) = preSolution
		Debug|Any CPU = Debug|Any CPU
		Debug|x64 = Debug|x64
		Release|Any CPU = Release|Any CPU
		Release|x64 = Release|x64
	EndGlobalSection
	GlobalSection(ProjectConfigurationPlatforms) = postSolution
		{07B19146-E504-4E23-87A3-0E3D59916DE8}.Debug|Any CPU.ActiveCfg = Debug|Any CPU
		{07B19146-E504-4E23-87A3-0E3D59916DE8}.Debug|Any CPU.Build.0 = Debug|Any CPU
		{07B19146-E504-4E23-87A3-0E3D59916DE8}.Debug|x64.ActiveCfg = Debug|Any CPU
		{07B19146-E504-4E23-87A3-0E3D59916DE8}.Debug|x64.Build.0 = Debug|Any CPU
		{07B19146-E504-4E23-87A3-0E3D59916DE8}.Release|Any CPU.ActiveCfg = Release|Any CPU
		{07B19146-E504-4E23-87A3-0E3D59916DE8}.Release|Any CPU.Build.0 = Release|Any CPU
		{07B19146-E504-4E23-87A3-0E3D59916DE8}.Release|x64.ActiveCfg = Release|Any CPU
		{07B19146-E504-4E23-87A3-0E3D59916DE8}.Release|x64.Build.0 = Release|Any CPU
		{CA88A99E-F4DB-4539-A21E-47FDAEB7C93E}.Debug|Any CPU.ActiveCfg = Debug|Any CPU
		{CA88A99E-F4DB-4539-A21E-47FDAEB7C93E}.Debug|Any CPU.Build.0 = Debug|Any CPU
		{CA88A99E-F4DB-4539-A21E-47FDAEB7C93E}.Debug|x64.ActiveCfg = Debug|Any CPU
		{CA88A99E-F4DB-4539-A21E-47FDAEB7C93E}.Debug|x64.Build.0 = Debug|Any CPU
		{CA88A99E-F4DB-4539-A21E-47FDAEB7C93E}.Release|Any CPU.ActiveCfg = Release|Any CPU
		{CA88A99E-F4DB-4539-A21E-47FDAEB7C93E}.Release|Any CPU.Build.0 = Release|Any CPU
		{CA88A99E-F4DB-4539-A21E-47FDAEB7C93E}.Release|x64.ActiveCfg = Release|Any CPU
		{CA88A99E-F4DB-4539-A21E-47FDAEB7C93E}.Release|x64.Build.0 = Release|Any CPU
		{5BFFD794-1AB7-4E7F-8F9B-88E1EA8D998A}.Debug|Any CPU.ActiveCfg = Debug|Any CPU
		{5BFFD794-1AB7-4E7F-8F9B-88E1EA8D998A}.Debug|Any CPU.Build.0 = Debug|Any CPU
		{5BFFD794-1AB7-4E7F-8F9B-88E1EA8D998A}.Debug|x64.ActiveCfg = Debug|Any CPU
		{5BFFD794-1AB7-4E7F-8F9B-88E1EA8D998A}.Debug|x64.Build.0 = Debug|Any CPU
		{5BFFD794-1AB7-4E7F-8F9B-88E1EA8D998A}.Release|Any CPU.ActiveCfg = Release|Any CPU
		{5BFFD794-1AB7-4E7F-8F9B-88E1EA8D998A}.Release|Any CPU.Build.0 = Release|Any CPU
		{5BFFD794-1AB7-4E7F-8F9B-88E1EA8D998A}.Release|x64.ActiveCfg = Release|Any CPU
		{5BFFD794-1AB7-4E7F-8F9B-88E1EA8D998A}.Release|x64.Build.0 = Release|Any CPU
		{AD0F0180-FFC7-4DEB-A378-816141DE86A4}.Debug|Any CPU.ActiveCfg = Debug|Any CPU
		{AD0F0180-FFC7-4DEB-A378-816141DE86A4}.Debug|Any CPU.Build.0 = Debug|Any CPU
		{AD0F0180-FFC7-4DEB-A378-816141DE86A4}.Debug|x64.ActiveCfg = Debug|Any CPU
		{AD0F0180-FFC7-4DEB-A378-816141DE86A4}.Debug|x64.Build.0 = Debug|Any CPU
		{AD0F0180-FFC7-4DEB-A378-816141DE86A4}.Release|Any CPU.ActiveCfg = Release|Any CPU
		{AD0F0180-FFC7-4DEB-A378-816141DE86A4}.Release|Any CPU.Build.0 = Release|Any CPU
		{AD0F0180-FFC7-4DEB-A378-816141DE86A4}.Release|x64.ActiveCfg = Release|Any CPU
		{AD0F0180-FFC7-4DEB-A378-816141DE86A4}.Release|x64.Build.0 = Release|Any CPU
	EndGlobalSection
	GlobalSection(SolutionProperties) = preSolution
		HideSolutionNode = FALSE
	EndGlobalSection
	GlobalSection(NestedProjects) = preSolution
		{07B19146-E504-4E23-87A3-0E3D59916DE8} = {078D6875-E208-47E8-AF8D-1356AFC33139}
		{CA88A99E-F4DB-4539-A21E-47FDAEB7C93E} = {078D6875-E208-47E8-AF8D-1356AFC33139}
		{5BFFD794-1AB7-4E7F-8F9B-88E1EA8D998A} = {5032636A-56C6-4421-AA5A-12657D3C0EA5}
		{AD0F0180-FFC7-4DEB-A378-816141DE86A4} = {5032636A-56C6-4421-AA5A-12657D3C0EA5}
	EndGlobalSection
	GlobalSection(ExtensibilityGlobals) = postSolution
		SolutionGuid = {E3575FBD-8023-4D9D-81B6-3CFB197F5543}
	EndGlobalSection
EndGlobal
